
Microsoft Visual Studio Solution File, Format Version 12.00
# Visual Studio Version 17
VisualStudioVersion = 17.5.33516.290
MinimumVisualStudioVersion = 10.0.40219.1
Project("{9A19103F-16F7-4668-BE54-9A1E7A4F7556}") = "SK.RestaurantTableBookingApp.Core", "SK.RestaurantTableBookingApp.Core\SK.RestaurantTableBookingApp.Core.csproj", "{6830CC68-1D25-4CBB-8BDA-A0F8BDA3CCE6}"
EndProject
Project("{9A19103F-16F7-4668-BE54-9A1E7A4F7556}") = "SK.RestaurantTableBookingApp.API", "SK.RestaurantTableBookingApp.API\SK.RestaurantTableBookingApp.API.csproj", "{BBA8DC89-162A-4D51-BB32-DBAE873E6A27}"
EndProject
Project("{FAE04EC0-301F-11D3-BF4B-00C04F79EFBC}") = "SK.RestaurantTableBookingApp.Data", "SK.RestaurantTableBookingApp.Data\SK.RestaurantTableBookingApp.Data.csproj", "{203D9DC8-1BF0-4032-BF85-1D06DBF89193}"
EndProject
Project("{FAE04EC0-301F-11D3-BF4B-00C04F79EFBC}") = "SK.RestaurantTableBookingApp.Service", "SK.RestaurantTableBookingApp.Service\SK.RestaurantTableBookingApp.Service.csproj", "{38E18CA3-1852-4D35-8B0C-12DF5F2A0FE3}"
EndProject
Global
	GlobalSection(SolutionConfigurationPlatforms) = preSolution
		Debug|Any CPU = Debug|Any CPU
		Release|Any CPU = Release|Any CPU
	EndGlobalSection
	GlobalSection(ProjectConfigurationPlatforms) = postSolution
		{6830CC68-1D25-4CBB-8BDA-A0F8BDA3CCE6}.Debug|Any CPU.ActiveCfg = Debug|Any CPU
		{6830CC68-1D25-4CBB-8BDA-A0F8BDA3CCE6}.Debug|Any CPU.Build.0 = Debug|Any CPU
		{6830CC68-1D25-4CBB-8BDA-A0F8BDA3CCE6}.Release|Any CPU.ActiveCfg = Release|Any CPU
		{6830CC68-1D25-4CBB-8BDA-A0F8BDA3CCE6}.Release|Any CPU.Build.0 = Release|Any CPU
		{BBA8DC89-162A-4D51-BB32-DBAE873E6A27}.Debug|Any CPU.ActiveCfg = Debug|Any CPU
		{BBA8DC89-162A-4D51-BB32-DBAE873E6A27}.Debug|Any CPU.Build.0 = Debug|Any CPU
		{BBA8DC89-162A-4D51-BB32-DBAE873E6A27}.Release|Any CPU.ActiveCfg = Release|Any CPU
		{BBA8DC89-162A-4D51-BB32-DBAE873E6A27}.Release|Any CPU.Build.0 = Release|Any CPU
		{203D9DC8-1BF0-4032-BF85-1D06DBF89193}.Debug|Any CPU.ActiveCfg = Debug|Any CPU
		{203D9DC8-1BF0-4032-BF85-1D06DBF89193}.Debug|Any CPU.Build.0 = Debug|Any CPU
		{203D9DC8-1BF0-4032-BF85-1D06DBF89193}.Release|Any CPU.ActiveCfg = Release|Any CPU
		{203D9DC8-1BF0-4032-BF85-1D06DBF89193}.Release|Any CPU.Build.0 = Release|Any CPU
		{38E18CA3-1852-4D35-8B0C-12DF5F2A0FE3}.Debug|Any CPU.ActiveCfg = Debug|Any CPU
		{38E18CA3-1852-4D35-8B0C-12DF5F2A0FE3}.Debug|Any CPU.Build.0 = Debug|Any CPU
		{38E18CA3-1852-4D35-8B0C-12DF5F2A0FE3}.Release|Any CPU.ActiveCfg = Release|Any CPU
		{38E18CA3-1852-4D35-8B0C-12DF5F2A0FE3}.Release|Any CPU.Build.0 = Release|Any CPU
	EndGlobalSection
	GlobalSection(SolutionProperties) = preSolution
		HideSolutionNode = FALSE
	EndGlobalSection
	GlobalSection(ExtensibilityGlobals) = postSolution
		SolutionGuid = {EF87796F-703D-4763-98D4-D8D220EBA1CD}
	EndGlobalSection
EndGlobal
